{
	"name": "@mazongguan/enterprise",
	"version": "0.0.4",
	"lockfileVersion": 1,
	"requires": true,
	"dependencies": {
		"@mazongguan/common": {
			"version": "0.0.4",
			"resolved": "http://localhost:4873/@mazongguan%2fcommon/-/common-0.0.4.tgz",
			"integrity": "sha512-6tdWGHNLIJm/KaP0LCW+7Dic98+/oJc/vVQJSMX0AT+Y31nUesK99ByobatnqfuiGRg9nEAnHAgztSh+ne3tSA==",
			"dev": true
		}
	}
}
