{
	"name": "@mazongguan/enterprise",
	"version": "0.0.6",
	"lockfileVersion": 1,
	"requires": true,
	"dependencies": {
		"@mazongguan/common": {
			"version": "0.0.6",
			"resolved": "http://localhost:4873/@mazongguan%2fcommon/-/common-0.0.6.tgz",
			"integrity": "sha512-azwXLLcEtn74sKXhZ4plcjwtW9h0uMr0ueI5fa+1SM5wf3rngeKrWq62KgeNdgY4VtH6SrAj482lOGaHvwr2+Q=="
		}
	}
}
